
Microsoft Visual Studio Solution File, Format Version 12.00
# Visual Studio Version 16
VisualStudioVersion = 16.0.30413.136
MinimumVisualStudioVersion = 10.0.40219.1
Project("{FAE04EC0-301F-11D3-BF4B-00C04F79EFBC}") = "Student_Grade_Finished", "Student_Grade_Finished.csproj", "{DF570585-667F-4E9D-B6FD-696578E042A0}"
EndProject
Global
	GlobalSection(SolutionConfigurationPlatforms) = preSolution
		Debug|Any CPU = Debug|Any CPU
		Release|Any CPU = Release|Any CPU
	EndGlobalSection
	GlobalSection(ProjectConfigurationPlatforms) = postSolution
		{DF570585-667F-4E9D-B6FD-696578E042A0}.Debug|Any CPU.ActiveCfg = Debug|Any CPU
		{DF570585-667F-4E9D-B6FD-696578E042A0}.Debug|Any CPU.Build.0 = Debug|Any CPU
		{DF570585-667F-4E9D-B6FD-696578E042A0}.Release|Any CPU.ActiveCfg = Release|Any CPU
		{DF570585-667F-4E9D-B6FD-696578E042A0}.Release|Any CPU.Build.0 = Release|Any CPU
	EndGlobalSection
	GlobalSection(SolutionProperties) = preSolution
		HideSolutionNode = FALSE
	EndGlobalSection
	GlobalSection(ExtensibilityGlobals) = postSolution
		SolutionGuid = {EDBBD1C3-2792-47A3-8010-13C432906CD7}
	EndGlobalSection
EndGlobal
