
Microsoft Visual Studio Solution File, Format Version 12.00
# Visual Studio Version 16
VisualStudioVersion = 16.0.30517.126
MinimumVisualStudioVersion = 10.0.40219.1
Project("{FAE04EC0-301F-11D3-BF4B-00C04F79EFBC}") = "(P)Collections_Min_Max_Avg", "(P)Collections_Min_Max_Avg.csproj", "{6EECE894-CBB2-4EE2-8637-9DF00A2A62A3}"
EndProject
Global
	GlobalSection(SolutionConfigurationPlatforms) = preSolution
		Debug|Any CPU = Debug|Any CPU
		Release|Any CPU = Release|Any CPU
	EndGlobalSection
	GlobalSection(ProjectConfigurationPlatforms) = postSolution
		{6EECE894-CBB2-4EE2-8637-9DF00A2A62A3}.Debug|Any CPU.ActiveCfg = Debug|Any CPU
		{6EECE894-CBB2-4EE2-8637-9DF00A2A62A3}.Debug|Any CPU.Build.0 = Debug|Any CPU
		{6EECE894-CBB2-4EE2-8637-9DF00A2A62A3}.Release|Any CPU.ActiveCfg = Release|Any CPU
		{6EECE894-CBB2-4EE2-8637-9DF00A2A62A3}.Release|Any CPU.Build.0 = Release|Any CPU
	EndGlobalSection
	GlobalSection(SolutionProperties) = preSolution
		HideSolutionNode = FALSE
	EndGlobalSection
	GlobalSection(ExtensibilityGlobals) = postSolution
		SolutionGuid = {88A33174-87E5-4165-B9EC-4847974ACE59}
	EndGlobalSection
EndGlobal
