
Microsoft Visual Studio Solution File, Format Version 12.00
# Visual Studio Version 16
VisualStudioVersion = 16.0.30517.126
MinimumVisualStudioVersion = 10.0.40219.1
Project("{FAE04EC0-301F-11D3-BF4B-00C04F79EFBC}") = "Classes_Rectangle_Circle", "Classes_Rectangle_Circle\Classes_Rectangle_Circle.csproj", "{142848D5-6B74-4578-9FEF-D190B86E6BC4}"
EndProject
Global
	GlobalSection(SolutionConfigurationPlatforms) = preSolution
		Debug|Any CPU = Debug|Any CPU
		Release|Any CPU = Release|Any CPU
	EndGlobalSection
	GlobalSection(ProjectConfigurationPlatforms) = postSolution
		{142848D5-6B74-4578-9FEF-D190B86E6BC4}.Debug|Any CPU.ActiveCfg = Debug|Any CPU
		{142848D5-6B74-4578-9FEF-D190B86E6BC4}.Debug|Any CPU.Build.0 = Debug|Any CPU
		{142848D5-6B74-4578-9FEF-D190B86E6BC4}.Release|Any CPU.ActiveCfg = Release|Any CPU
		{142848D5-6B74-4578-9FEF-D190B86E6BC4}.Release|Any CPU.Build.0 = Release|Any CPU
	EndGlobalSection
	GlobalSection(SolutionProperties) = preSolution
		HideSolutionNode = FALSE
	EndGlobalSection
	GlobalSection(ExtensibilityGlobals) = postSolution
		SolutionGuid = {A71CE95B-D543-4CA0-910F-E924194A5FFE}
	EndGlobalSection
EndGlobal
