
Microsoft Visual Studio Solution File, Format Version 12.00
# Visual Studio Version 16
VisualStudioVersion = 16.0.30413.136
MinimumVisualStudioVersion = 10.0.40219.1
Project("{FAE04EC0-301F-11D3-BF4B-00C04F79EFBC}") = "Sales_Total", "Sales_Total.csproj", "{36A972FF-B0D6-49BC-A2E9-C47D58E50849}"
EndProject
Global
	GlobalSection(SolutionConfigurationPlatforms) = preSolution
		Debug|Any CPU = Debug|Any CPU
		Release|Any CPU = Release|Any CPU
	EndGlobalSection
	GlobalSection(ProjectConfigurationPlatforms) = postSolution
		{36A972FF-B0D6-49BC-A2E9-C47D58E50849}.Debug|Any CPU.ActiveCfg = Debug|Any CPU
		{36A972FF-B0D6-49BC-A2E9-C47D58E50849}.Debug|Any CPU.Build.0 = Debug|Any CPU
		{36A972FF-B0D6-49BC-A2E9-C47D58E50849}.Release|Any CPU.ActiveCfg = Release|Any CPU
		{36A972FF-B0D6-49BC-A2E9-C47D58E50849}.Release|Any CPU.Build.0 = Release|Any CPU
	EndGlobalSection
	GlobalSection(SolutionProperties) = preSolution
		HideSolutionNode = FALSE
	EndGlobalSection
	GlobalSection(ExtensibilityGlobals) = postSolution
		SolutionGuid = {8ACF4330-B3BF-4559-BA3E-8DF37A922E0B}
	EndGlobalSection
EndGlobal
