
Microsoft Visual Studio Solution File, Format Version 12.00
# Visual Studio Version 16
VisualStudioVersion = 16.0.30413.136
MinimumVisualStudioVersion = 10.0.40219.1
Project("{FAE04EC0-301F-11D3-BF4B-00C04F79EFBC}") = "InputOutput", "InputOutput\InputOutput.csproj", "{88168E43-9061-4B71-880D-03FE9FA67737}"
EndProject
Global
	GlobalSection(SolutionConfigurationPlatforms) = preSolution
		Debug|Any CPU = Debug|Any CPU
		Release|Any CPU = Release|Any CPU
	EndGlobalSection
	GlobalSection(ProjectConfigurationPlatforms) = postSolution
		{88168E43-9061-4B71-880D-03FE9FA67737}.Debug|Any CPU.ActiveCfg = Debug|Any CPU
		{88168E43-9061-4B71-880D-03FE9FA67737}.Debug|Any CPU.Build.0 = Debug|Any CPU
		{88168E43-9061-4B71-880D-03FE9FA67737}.Release|Any CPU.ActiveCfg = Release|Any CPU
		{88168E43-9061-4B71-880D-03FE9FA67737}.Release|Any CPU.Build.0 = Release|Any CPU
	EndGlobalSection
	GlobalSection(SolutionProperties) = preSolution
		HideSolutionNode = FALSE
	EndGlobalSection
	GlobalSection(ExtensibilityGlobals) = postSolution
		SolutionGuid = {D7558B1F-53E5-484E-8EBF-E26996D69CB4}
	EndGlobalSection
EndGlobal
