
Microsoft Visual Studio Solution File, Format Version 12.00
# Visual Studio Version 16
VisualStudioVersion = 16.0.30413.136
MinimumVisualStudioVersion = 10.0.40219.1
Project("{FAE04EC0-301F-11D3-BF4B-00C04F79EFBC}") = "FizzBuzz", "FizzBuzz.csproj", "{D3487CD6-C802-435D-87B2-59040D780C92}"
EndProject
Global
	GlobalSection(SolutionConfigurationPlatforms) = preSolution
		Debug|Any CPU = Debug|Any CPU
		Release|Any CPU = Release|Any CPU
	EndGlobalSection
	GlobalSection(ProjectConfigurationPlatforms) = postSolution
		{D3487CD6-C802-435D-87B2-59040D780C92}.Debug|Any CPU.ActiveCfg = Debug|Any CPU
		{D3487CD6-C802-435D-87B2-59040D780C92}.Debug|Any CPU.Build.0 = Debug|Any CPU
		{D3487CD6-C802-435D-87B2-59040D780C92}.Release|Any CPU.ActiveCfg = Release|Any CPU
		{D3487CD6-C802-435D-87B2-59040D780C92}.Release|Any CPU.Build.0 = Release|Any CPU
	EndGlobalSection
	GlobalSection(SolutionProperties) = preSolution
		HideSolutionNode = FALSE
	EndGlobalSection
	GlobalSection(ExtensibilityGlobals) = postSolution
		SolutionGuid = {89FBF6EC-2B84-4E1F-A646-196B89003640}
	EndGlobalSection
EndGlobal
