
Microsoft Visual Studio Solution File, Format Version 12.00
# Visual Studio Version 16
VisualStudioVersion = 16.0.30413.136
MinimumVisualStudioVersion = 10.0.40219.1
Project("{FAE04EC0-301F-11D3-BF4B-00C04F79EFBC}") = "RandomGuess", "RandomGuess.csproj", "{FCFFC485-E5C9-491F-A516-260357E23D5D}"
EndProject
Global
	GlobalSection(SolutionConfigurationPlatforms) = preSolution
		Debug|Any CPU = Debug|Any CPU
		Release|Any CPU = Release|Any CPU
	EndGlobalSection
	GlobalSection(ProjectConfigurationPlatforms) = postSolution
		{FCFFC485-E5C9-491F-A516-260357E23D5D}.Debug|Any CPU.ActiveCfg = Debug|Any CPU
		{FCFFC485-E5C9-491F-A516-260357E23D5D}.Debug|Any CPU.Build.0 = Debug|Any CPU
		{FCFFC485-E5C9-491F-A516-260357E23D5D}.Release|Any CPU.ActiveCfg = Release|Any CPU
		{FCFFC485-E5C9-491F-A516-260357E23D5D}.Release|Any CPU.Build.0 = Release|Any CPU
	EndGlobalSection
	GlobalSection(SolutionProperties) = preSolution
		HideSolutionNode = FALSE
	EndGlobalSection
	GlobalSection(ExtensibilityGlobals) = postSolution
		SolutionGuid = {E7AD1BC0-7AE9-4F5A-8E9B-FB958B1185B1}
	EndGlobalSection
EndGlobal
